<?xml version="1.0" encoding="utf-8"?>
<Project ToolsVersion="4.0" xmlns="http://schemas.microsoft.com/developer/msbuild/2003">
  <ItemGroup>
    <Filter Include="includes">
      <UniqueIdentifier>{585e3318-2136-4b92-b02e-b5bcab2e0223}</UniqueIdentifier>
    </Filter>
    <Filter Include="includes\acl">
      <UniqueIdentifier>{94e9a87e-6dfd-4e94-8299-5446a0d3f1eb}</UniqueIdentifier>
    </Filter>
    <Filter Include="includes\acl\math">
      <UniqueIdentifier>{d3adb443-79c5-4711-99dd-c97d33009dc8}</UniqueIdentifier>
    </Filter>
    <Filter Include="includes\acl\compression">
      <UniqueIdentifier>{d1e0a08e-359a-493e-8de4-32285fed7e92}</UniqueIdentifier>
    </Filter>
    <Filter Include="includes\acl\decompression">
      <UniqueIdentifier>{ec61c599-853f-46cc-92f8-4e9926ec99bf}</UniqueIdentifier>
    </Filter>
    <Filter Include="includes\acl\algorithm">
      <UniqueIdentifier>{1a57ab3b-e48f-453c-aaf8-7a2ad19ed10e}</UniqueIdentifier>
    </Filter>
    <Filter Include="includes\acl\core">
      <UniqueIdentifier>{7c3d7b96-4684-4837-8749-293af8876e21}</UniqueIdentifier>
    </Filter>
    <Filter Include="tools">
      <UniqueIdentifier>{6c258046-4b9d-4f1d-9a65-49709959e7f1}</UniqueIdentifier>
    </Filter>
    <Filter Include="tools\vs_visualizers">
      <UniqueIdentifier>{102b0a93-eb53-4f14-9e94-ba5a4a08a5f0}</UniqueIdentifier>
    </Filter>
    <Filter Include="includes\acl\algorithm\uniformy_sampled">
      <UniqueIdentifier>{6be52b60-afdf-481f-bc25-2098a6c9804a}</UniqueIdentifier>
    </Filter>
    <Filter Include="includes\acl\algorithm\linear_key_reduction">
      <UniqueIdentifier>{043c5333-0606-4b1d-bd93-f5c99883b62c}</UniqueIdentifier>
    </Filter>
    <Filter Include="includes\acl\algorithm\spline_key_reduction">
      <UniqueIdentifier>{af279707-3bf7-4e7d-a479-80dbc338f900}</UniqueIdentifier>
    </Filter>
    <Filter Include="includes\acl\sjson">
      <UniqueIdentifier>{8b8d2e62-7c4b-43ec-a679-c3230acd7452}</UniqueIdentifier>
    </Filter>
    <Filter Include="includes\acl\compression\stream">
      <UniqueIdentifier>{13a75baa-a8be-484f-a183-7ef79491f066}</UniqueIdentifier>
    </Filter>
    <Filter Include="includes\acl\io">
      <UniqueIdentifier>{31d1382d-c921-42d9-b381-236040c92bbe}</UniqueIdentifier>
    </Filter>
  </ItemGroup>
  <ItemGroup>
    <ClInclude Include="includes\acl\math\quat_64.h">
      <Filter>includes\acl\math</Filter>
    </ClInclude>
    <ClInclude Include="includes\acl\math\vector4_64.h">
      <Filter>includes\acl\math</Filter>
    </ClInclude>
    <ClInclude Include="includes\acl\compression\skeleton.h">
      <Filter>includes\acl\compression</Filter>
    </ClInclude>
    <ClInclude Include="includes\acl\compression\animation_clip.h">
      <Filter>includes\acl\compression</Filter>
    </ClInclude>
    <ClInclude Include="includes\acl\compression\animation_track.h">
      <Filter>includes\acl\compression</Filter>
    </ClInclude>
    <ClInclude Include="includes\acl\math\quat_32.h">
      <Filter>includes\acl\math</Filter>
    </ClInclude>
    <ClInclude Include="includes\acl\math\vector4_32.h">
      <Filter>includes\acl\math</Filter>
    </ClInclude>
    <ClInclude Include="includes\acl\math\math.h">
      <Filter>includes\acl\math</Filter>
    </ClInclude>
    <ClInclude Include="includes\acl\compression\compressed_clip_impl.h">
      <Filter>includes\acl\compression</Filter>
    </ClInclude>
    <ClInclude Include="includes\acl\decompression\output_writer.h">
      <Filter>includes\acl\decompression</Filter>
    </ClInclude>
    <ClInclude Include="includes\acl\math\scalar_32.h">
      <Filter>includes\acl\math</Filter>
    </ClInclude>
    <ClInclude Include="includes\acl\math\math_types.h">
      <Filter>includes\acl\math</Filter>
    </ClInclude>
    <ClInclude Include="includes\acl\math\scalar_64.h">
      <Filter>includes\acl\math</Filter>
    </ClInclude>
    <ClInclude Include="includes\acl\compression\skeleton_error_metric.h">
      <Filter>includes\acl\compression</Filter>
    </ClInclude>
    <ClInclude Include="includes\acl\math\transform_64.h">
      <Filter>includes\acl\math</Filter>
    </ClInclude>
    <ClInclude Include="includes\acl\core\utils.h">
      <Filter>includes\acl\core</Filter>
    </ClInclude>
    <ClInclude Include="includes\acl\core\bitset.h">
      <Filter>includes\acl\core</Filter>
    </ClInclude>
    <ClInclude Include="includes\acl\core\memory.h">
      <Filter>includes\acl\core</Filter>
    </ClInclude>
    <ClInclude Include="includes\acl\core\error.h">
      <Filter>includes\acl\core</Filter>
    </ClInclude>
    <ClInclude Include="includes\acl\core\enum_utils.h">
      <Filter>includes\acl\core</Filter>
    </ClInclude>
    <ClInclude Include="includes\acl\math\transform_32.h">
      <Filter>includes\acl\math</Filter>
    </ClInclude>
    <ClInclude Include="includes\acl\algorithm\uniformly_sampled\encoder.h">
      <Filter>includes\acl\algorithm\uniformy_sampled</Filter>
    </ClInclude>
    <ClInclude Include="includes\acl\algorithm\uniformly_sampled\decoder.h">
      <Filter>includes\acl\algorithm\uniformy_sampled</Filter>
    </ClInclude>
    <ClInclude Include="includes\acl\algorithm\uniformly_sampled\common.h">
      <Filter>includes\acl\algorithm\uniformy_sampled</Filter>
    </ClInclude>
    <ClInclude Include="includes\acl\algorithm\uniformly_sampled\algorithm.h">
      <Filter>includes\acl\algorithm\uniformy_sampled</Filter>
    </ClInclude>
    <ClInclude Include="includes\acl\sjson\sjson_parser.h">
      <Filter>includes\acl\sjson</Filter>
    </ClInclude>
    <ClInclude Include="includes\acl\sjson\sjson_parser_error.h">
      <Filter>includes\acl\sjson</Filter>
    </ClInclude>
    <ClInclude Include="includes\acl\core\string_view.h">
      <Filter>includes\acl\core</Filter>
    </ClInclude>
    <ClInclude Include="includes\acl\core\string.h">
      <Filter>includes\acl\core</Filter>
    </ClInclude>
    <ClInclude Include="includes\acl\core\compressed_clip.h">
      <Filter>includes\acl\core</Filter>
    </ClInclude>
    <ClInclude Include="includes\acl\core\algorithm_types.h">
      <Filter>includes\acl\core</Filter>
    </ClInclude>
    <ClInclude Include="includes\acl\core\algorithm_versions.h">
      <Filter>includes\acl\core</Filter>
    </ClInclude>
    <ClInclude Include="includes\acl\core\ialgorithm.h">
      <Filter>includes\acl\core</Filter>
    </ClInclude>
    <ClInclude Include="includes\acl\math\scalar_packing.h">
      <Filter>includes\acl\math</Filter>
    </ClInclude>
    <ClInclude Include="includes\acl\math\quat_packing.h">
      <Filter>includes\acl\math</Filter>
    </ClInclude>
    <ClInclude Include="includes\acl\math\vector4_packing.h">
      <Filter>includes\acl\math</Filter>
    </ClInclude>
    <ClInclude Include="includes\acl\compression\stream\track_stream.h">
      <Filter>includes\acl\compression\stream</Filter>
    </ClInclude>
    <ClInclude Include="includes\acl\compression\stream\convert_clip_to_streams.h">
      <Filter>includes\acl\compression\stream</Filter>
    </ClInclude>
    <ClInclude Include="includes\acl\compression\stream\convert_rotation_streams.h">
      <Filter>includes\acl\compression\stream</Filter>
    </ClInclude>
    <ClInclude Include="includes\acl\compression\stream\compact_constant_streams.h">
      <Filter>includes\acl\compression\stream</Filter>
    </ClInclude>
    <ClInclude Include="includes\acl\compression\stream\get_num_animated_streams.h">
      <Filter>includes\acl\compression\stream</Filter>
    </ClInclude>
    <ClInclude Include="includes\acl\compression\stream\write_stream_bitsets.h">
      <Filter>includes\acl\compression\stream</Filter>
    </ClInclude>
    <ClInclude Include="includes\acl\compression\stream\write_stream_data.h">
      <Filter>includes\acl\compression\stream</Filter>
    </ClInclude>
    <ClInclude Include="includes\acl\compression\stream\quantize_streams.h">
      <Filter>includes\acl\compression\stream</Filter>
    </ClInclude>
    <ClInclude Include="includes\acl\compression\stream\normalize_streams.h">
      <Filter>includes\acl\compression\stream</Filter>
    </ClInclude>
    <ClInclude Include="includes\acl\compression\stream\write_range_data.h">
      <Filter>includes\acl\compression\stream</Filter>
    </ClInclude>
    <ClInclude Include="includes\acl\io\clip_reader.h">
      <Filter>includes\acl\io</Filter>
    </ClInclude>
    <ClInclude Include="includes\acl\io\clip_reader_error.h">
      <Filter>includes\acl\io</Filter>
    </ClInclude>
    <ClInclude Include="includes\acl\io\clip_writer.h">
      <Filter>includes\acl\io</Filter>
    </ClInclude>
  </ItemGroup>
  <ItemGroup>
    <None Include="LICENSE" />
    <None Include="README.md" />
    <None Include="CHANGELOG.md" />
  </ItemGroup>
  <ItemGroup>
    <Natvis Include="tools\vs_visualizers\acl.natvis">
      <Filter>tools\vs_visualizers</Filter>
    </Natvis>
  </ItemGroup>
</Project>